// !$*UTF8*$!
{
	archiveVersion = 1;
	classes = {
	};
	objectVersion = 55;
	objects = {

/* Begin PBXBuildFile section */
		09793A6B27FA365400A89D0F /* AppDelegate.swift in Sources */ = {isa = PBXBuildFile; fileRef = 09793A6A27FA365400A89D0F /* AppDelegate.swift */; };
		09793A6D27FA365400A89D0F /* SceneDelegate.swift in Sources */ = {isa = PBXBuildFile; fileRef = 09793A6C27FA365400A89D0F /* SceneDelegate.swift */; };
		09793A6F27FA365400A89D0F /* ViewController.swift in Sources */ = {isa = PBXBuildFile; fileRef = 09793A6E27FA365400A89D0F /* ViewController.swift */; };
		09793A7227FA365400A89D0F /* Main.storyboard in Resources */ = {isa = PBXBuildFile; fileRef = 09793A7027FA365400A89D0F /* Main.storyboard */; };
		09793A7427FA365700A89D0F /* Assets.xcassets in Resources */ = {isa = PBXBuildFile; fileRef = 09793A7327FA365700A89D0F /* Assets.xcassets */; };
		09793A7727FA365700A89D0F /* LaunchScreen.storyboard in Resources */ = {isa = PBXBuildFile; fileRef = 09793A7527FA365700A89D0F /* LaunchScreen.storyboard */; };
		09793A8227FA365700A89D0F /* sneakersMLTests.swift in Sources */ = {isa = PBXBuildFile; fileRef = 09793A8127FA365700A89D0F /* sneakersMLTests.swift */; };
		09793A8C27FA365700A89D0F /* sneakersMLUITests.swift in Sources */ = {isa = PBXBuildFile; fileRef = 09793A8B27FA365700A89D0F /* sneakersMLUITests.swift */; };
		09793A8E27FA365700A89D0F /* sneakersMLUITestsLaunchTests.swift in Sources */ = {isa = PBXBuildFile; fileRef = 09793A8D27FA365700A89D0F /* sneakersMLUITestsLaunchTests.swift */; };
/* End PBXBuildFile section */

/* Begin PBXContainerItemProxy section */
		09793A7E27FA365700A89D0F /* PBXContainerItemProxy */ = {
			isa = PBXContainerItemProxy;
			containerPortal = 09793A5F27FA365400A89D0F /* Project object */;
			proxyType = 1;
			remoteGlobalIDString = 09793A6627FA365400A89D0F;
			remoteInfo = sneakersML;
		};
		09793A8827FA365700A89D0F /* PBXContainerItemProxy */ = {
			isa = PBXContainerItemProxy;
			containerPortal = 09793A5F27FA365400A89D0F /* Project object */;
			proxyType = 1;
			remoteGlobalIDString = 09793A6627FA365400A89D0F;
			remoteInfo = sneakersML;
		};
/* End PBXContainerItemProxy section */

/* Begin PBXFileReference section */
		09793A6727FA365400A89D0F /* sneakersML.app */ = {isa = PBXFileReference; explicitFileType = wrapper.application; includeInIndex = 0; path = sneakersML.app; sourceTree = BUILT_PRODUCTS_DIR; };
		09793A6A27FA365400A89D0F /* AppDelegate.swift */ = {isa = PBXFileReference; lastKnownFileType = sourcecode.swift; path = AppDelegate.swift; sourceTree = "<group>"; };
		09793A6C27FA365400A89D0F /* SceneDelegate.swift */ = {isa = PBXFileReference; lastKnownFileType = sourcecode.swift; path = SceneDelegate.swift; sourceTree = "<group>"; };
		09793A6E27FA365400A89D0F /* ViewController.swift */ = {isa = PBXFileReference; lastKnownFileType = sourcecode.swift; path = ViewController.swift; sourceTree = "<group>"; };
		09793A7127FA365400A89D0F /* Base */ = {isa = PBXFileReference; lastKnownFileType = file.storyboard; name = Base; path = Base.lproj/Main.storyboard; sourceTree = "<group>"; };
		09793A7327FA365700A89D0F /* Assets.xcassets */ = {isa = PBXFileReference; lastKnownFileType = folder.assetcatalog; path = Assets.xcassets; sourceTree = "<group>"; };
		09793A7627FA365700A89D0F /* Base */ = {isa = PBXFileReference; lastKnownFileType = file.storyboard; name = Base; path = Base.lproj/LaunchScreen.storyboard; sourceTree = "<group>"; };
		09793A7827FA365700A89D0F /* Info.plist */ = {isa = PBXFileReference; lastKnownFileType = text.plist.xml; path = Info.plist; sourceTree = "<group>"; };
		09793A7D27FA365700A89D0F /* sneakersMLTests.xctest */ = {isa = PBXFileReference; explicitFileType = wrapper.cfbundle; includeInIndex = 0; path = sneakersMLTests.xctest; sourceTree = BUILT_PRODUCTS_DIR; };
		09793A8127FA365700A89D0F /* sneakersMLTests.swift */ = {isa = PBXFileReference; lastKnownFileType = sourcecode.swift; path = sneakersMLTests.swift; sourceTree = "<group>"; };
		09793A8727FA365700A89D0F /* sneakersMLUITests.xctest */ = {isa = PBXFileReference; explicitFileType = wrapper.cfbundle; includeInIndex = 0; path = sneakersMLUITests.xctest; sourceTree = BUILT_PRODUCTS_DIR; };
		09793A8B27FA365700A89D0F /* sneakersMLUITests.swift */ = {isa = PBXFileReference; lastKnownFileType = sourcecode.swift; path = sneakersMLUITests.swift; sourceTree = "<group>"; };
		09793A8D27FA365700A89D0F /* sneakersMLUITestsLaunchTests.swift */ = {isa = PBXFileReference; lastKnownFileType = sourcecode.swift; path = sneakersMLUITestsLaunchTests.swift; sourceTree = "<group>"; };
/* End PBXFileReference section */

/* Begin PBXFrameworksBuildPhase section */
		09793A6427FA365400A89D0F /* Frameworks */ = {
			isa = PBXFrameworksBuildPhase;
			buildActionMask = 2147483647;
			files = (
			);
			runOnlyForDeploymentPostprocessing = 0;
		};
		09793A7A27FA365700A89D0F /* Frameworks */ = {
			isa = PBXFrameworksBuildPhase;
			buildActionMask = 2147483647;
			files = (
			);
			runOnlyForDeploymentPostprocessing = 0;
		};
		09793A8427FA365700A89D0F /* Frameworks */ = {
			isa = PBXFrameworksBuildPhase;
			buildActionMask = 2147483647;
			files = (
			);
			runOnlyForDeploymentPostprocessing = 0;
		};
/* End PBXFrameworksBuildPhase section */

/* Begin PBXGroup section */
		09793A5E27FA365400A89D0F = {
			isa = PBXGroup;
			children = (
				09793A6927FA365400A89D0F /* sneakersML */,
				09793A8027FA365700A89D0F /* sneakersMLTests */,
				09793A8A27FA365700A89D0F /* sneakersMLUITests */,
				09793A6827FA365400A89D0F /* Products */,
			);
			sourceTree = "<group>";
		};
		09793A6827FA365400A89D0F /* Products */ = {
			isa = PBXGroup;
			children = (
				09793A6727FA365400A89D0F /* sneakersML.app */,
				09793A7D27FA365700A89D0F /* sneakersMLTests.xctest */,
				09793A8727FA365700A89D0F /* sneakersMLUITests.xctest */,
			);
			name = Products;
			sourceTree = "<group>";
		};
		09793A6927FA365400A89D0F /* sneakersML */ = {
			isa = PBXGroup;
			children = (
				09793A6A27FA365400A89D0F /* AppDelegate.swift */,
				09793A6C27FA365400A89D0F /* SceneDelegate.swift */,
				09793A6E27FA365400A89D0F /* ViewController.swift */,
				09793A7027FA365400A89D0F /* Main.storyboard */,
				09793A7327FA365700A89D0F /* Assets.xcassets */,
				09793A7527FA365700A89D0F /* LaunchScreen.storyboard */,
				09793A7827FA365700A89D0F /* Info.plist */,
			);
			path = sneakersML;
			sourceTree = "<group>";
		};
		09793A8027FA365700A89D0F /* sneakersMLTests */ = {
			isa = PBXGroup;
			children = (
				09793A8127FA365700A89D0F /* sneakersMLTests.swift */,
			);
			path = sneakersMLTests;
			sourceTree = "<group>";
		};
		09793A8A27FA365700A89D0F /* sneakersMLUITests */ = {
			isa = PBXGroup;
			children = (
				09793A8B27FA365700A89D0F /* sneakersMLUITests.swift */,
				09793A8D27FA365700A89D0F /* sneakersMLUITestsLaunchTests.swift */,
			);
			path = sneakersMLUITests;
			sourceTree = "<group>";
		};
/* End PBXGroup section */

/* Begin PBXNativeTarget section */
		09793A6627FA365400A89D0F /* sneakersML */ = {
			isa = PBXNativeTarget;
			buildConfigurationList = 09793A9127FA365700A89D0F /* Build configuration list for PBXNativeTarget "sneakersML" */;
			buildPhases = (
				09793A6327FA365400A89D0F /* Sources */,
				09793A6427FA365400A89D0F /* Frameworks */,
				09793A6527FA365400A89D0F /* Resources */,
			);
			buildRules = (
			);
			dependencies = (
			);
			name = sneakersML;
			productName = sneakersML;
			productReference = 09793A6727FA365400A89D0F /* sneakersML.app */;
			productType = "com.apple.product-type.application";
		};
		09793A7C27FA365700A89D0F /* sneakersMLTests */ = {
			isa = PBXNativeTarget;
			buildConfigurationList = 09793A9427FA365700A89D0F /* Build configuration list for PBXNativeTarget "sneakersMLTests" */;
			buildPhases = (
				09793A7927FA365700A89D0F /* Sources */,
				09793A7A27FA365700A89D0F /* Frameworks */,
				09793A7B27FA365700A89D0F /* Resources */,
			);
			buildRules = (
			);
			dependencies = (
				09793A7F27FA365700A89D0F /* PBXTargetDependency */,
			);
			name = sneakersMLTests;
			productName = sneakersMLTests;
			productReference = 09793A7D27FA365700A89D0F /* sneakersMLTests.xctest */;
			productType = "com.apple.product-type.bundle.unit-test";
		};
		09793A8627FA365700A89D0F /* sneakersMLUITests */ = {
			isa = PBXNativeTarget;
			buildConfigurationList = 09793A9727FA365700A89D0F /* Build configuration list for PBXNativeTarget "sneakersMLUITests" */;
			buildPhases = (
				09793A8327FA365700A89D0F /* Sources */,
				09793A8427FA365700A89D0F /* Frameworks */,
				09793A8527FA365700A89D0F /* Resources */,
			);
			buildRules = (
			);
			dependencies = (
				09793A8927FA365700A89D0F /* PBXTargetDependency */,
			);
			name = sneakersMLUITests;
			productName = sneakersMLUITests;
			productReference = 09793A8727FA365700A89D0F /* sneakersMLUITests.xctest */;
			productType = "com.apple.product-type.bundle.ui-testing";
		};
/* End PBXNativeTarget section */

/* Begin PBXProject section */
		09793A5F27FA365400A89D0F /* Project object */ = {
			isa = PBXProject;
			attributes = {
				BuildIndependentTargetsInParallel = 1;
				LastSwiftUpdateCheck = 1330;
				LastUpgradeCheck = 1330;
				TargetAttributes = {
					09793A6627FA365400A89D0F = {
						CreatedOnToolsVersion = 13.3;
					};
					09793A7C27FA365700A89D0F = {
						CreatedOnToolsVersion = 13.3;
						TestTargetID = 09793A6627FA365400A89D0F;
					};
					09793A8627FA365700A89D0F = {
						CreatedOnToolsVersion = 13.3;
						TestTargetID = 09793A6627FA365400A89D0F;
					};
				};
			};
			buildConfigurationList = 09793A6227FA365400A89D0F /* Build configuration list for PBXProject "sneakersML" */;
			compatibilityVersion = "Xcode 13.0";
			developmentRegion = en;
			hasScannedForEncodings = 0;
			knownRegions = (
				en,
				Base,
			);
			mainGroup = 09793A5E27FA365400A89D0F;
			productRefGroup = 09793A6827FA365400A89D0F /* Products */;
			projectDirPath = "";
			projectRoot = "";
			targets = (
				09793A6627FA365400A89D0F /* sneakersML */,
				09793A7C27FA365700A89D0F /* sneakersMLTests */,
				09793A8627FA365700A89D0F /* sneakersMLUITests */,
			);
		};
/* End PBXProject section */

/* Begin PBXResourcesBuildPhase section */
		09793A6527FA365400A89D0F /* Resources */ = {
			isa = PBXResourcesBuildPhase;
			buildActionMask = 2147483647;
			files = (
				09793A7727FA365700A89D0F /* LaunchScreen.storyboard in Resources */,
				09793A7427FA365700A89D0F /* Assets.xcassets in Resources */,
				09793A7227FA365400A89D0F /* Main.storyboard in Resources */,
			);
			runOnlyForDeploymentPostprocessing = 0;
		};
		09793A7B27FA365700A89D0F /* Resources */ = {
			isa = PBXResourcesBuildPhase;
			buildActionMask = 2147483647;
			files = (
			);
			runOnlyForDeploymentPostprocessing = 0;
		};
		09793A8527FA365700A89D0F /* Resources */ = {
			isa = PBXResourcesBuildPhase;
			buildActionMask = 2147483647;
			files = (
			);
			runOnlyForDeploymentPostprocessing = 0;
		};
/* End PBXResourcesBuildPhase section */

/* Begin PBXSourcesBuildPhase section */
		09793A6327FA365400A89D0F /* Sources */ = {
			isa = PBXSourcesBuildPhase;
			buildActionMask = 2147483647;
			files = (
				09793A6F27FA365400A89D0F /* ViewController.swift in Sources */,
				09793A6B27FA365400A89D0F /* AppDelegate.swift in Sources */,
				09793A6D27FA365400A89D0F /* SceneDelegate.swift in Sources */,
			);
			runOnlyForDeploymentPostprocessing = 0;
		};
		09793A7927FA365700A89D0F /* Sources */ = {
			isa = PBXSourcesBuildPhase;
			buildActionMask = 2147483647;
			files = (
				09793A8227FA365700A89D0F /* sneakersMLTests.swift in Sources */,
			);
			runOnlyForDeploymentPostprocessing = 0;
		};
		09793A8327FA365700A89D0F /* Sources */ = {
			isa = PBXSourcesBuildPhase;
			buildActionMask = 2147483647;
			files = (
				09793A8C27FA365700A89D0F /* sneakersMLUITests.swift in Sources */,
				09793A8E27FA365700A89D0F /* sneakersMLUITestsLaunchTests.swift in Sources */,
			);
			runOnlyForDeploymentPostprocessing = 0;
		};
/* End PBXSourcesBuildPhase section */

/* Begin PBXTargetDependency section */
		09793A7F27FA365700A89D0F /* PBXTargetDependency */ = {
			isa = PBXTargetDependency;
			target = 09793A6627FA365400A89D0F /* sneakersML */;
			targetProxy = 09793A7E27FA365700A89D0F /* PBXContainerItemProxy */;
		};
		09793A8927FA365700A89D0F /* PBXTargetDependency */ = {
			isa = PBXTargetDependency;
			target = 09793A6627FA365400A89D0F /* sneakersML */;
			targetProxy = 09793A8827FA365700A89D0F /* PBXContainerItemProxy */;
		};
/* End PBXTargetDependency section */

/* Begin PBXVariantGroup section */
		09793A7027FA365400A89D0F /* Main.storyboard */ = {
			isa = PBXVariantGroup;
			children = (
				09793A7127FA365400A89D0F /* Base */,
			);
			name = Main.storyboard;
			sourceTree = "<group>";
		};
		09793A7527FA365700A89D0F /* LaunchScreen.storyboard */ = {
			isa = PBXVariantGroup;
			children = (
				09793A7627FA365700A89D0F /* Base */,
			);
			name = LaunchScreen.storyboard;
			sourceTree = "<group>";
		};
/* End PBXVariantGroup section */

/* Begin XCBuildConfiguration section */
		09793A8F27FA365700A89D0F /* Debug */ = {
			isa = XCBuildConfiguration;
			buildSettings = {
				ALWAYS_SEARCH_USER_PATHS = NO;
				CLANG_ANALYZER_NONNULL = YES;
				CLANG_ANALYZER_NUMBER_OBJECT_CONVERSION = YES_AGGRESSIVE;
				CLANG_CXX_LANGUAGE_STANDARD = "gnu++17";
				CLANG_ENABLE_MODULES = YES;
				CLANG_ENABLE_OBJC_ARC = YES;
				CLANG_ENABLE_OBJC_WEAK = YES;
				CLANG_WARN_BLOCK_CAPTURE_AUTORELEASING = YES;
				CLANG_WARN_BOOL_CONVERSION = YES;
				CLANG_WARN_COMMA = YES;
				CLANG_WARN_CONSTANT_CONVERSION = YES;
				CLANG_WARN_DEPRECATED_OBJC_IMPLEMENTATIONS = YES;
				CLANG_WARN_DIRECT_OBJC_ISA_USAGE = YES_ERROR;
				CLANG_WARN_DOCUMENTATION_COMMENTS = YES;
				CLANG_WARN_EMPTY_BODY = YES;
				CLANG_WARN_ENUM_CONVERSION = YES;
				CLANG_WARN_INFINITE_RECURSION = YES;
				CLANG_WARN_INT_CONVERSION = YES;
				CLANG_WARN_NON_LITERAL_NULL_CONVERSION = YES;
				CLANG_WARN_OBJC_IMPLICIT_RETAIN_SELF = YES;
				CLANG_WARN_OBJC_LITERAL_CONVERSION = YES;
				CLANG_WARN_OBJC_ROOT_CLASS = YES_ERROR;
				CLANG_WARN_QUOTED_INCLUDE_IN_FRAMEWORK_HEADER = YES;
				CLANG_WARN_RANGE_LOOP_ANALYSIS = YES;
				CLANG_WARN_STRICT_PROTOTYPES = YES;
				CLANG_WARN_SUSPICIOUS_MOVE = YES;
				CLANG_WARN_UNGUARDED_AVAILABILITY = YES_AGGRESSIVE;
				CLANG_WARN_UNREACHABLE_CODE = YES;
				CLANG_WARN__DUPLICATE_METHOD_MATCH = YES;
				COPY_PHASE_STRIP = NO;
				DEBUG_INFORMATION_FORMAT = dwarf;
				ENABLE_STRICT_OBJC_MSGSEND = YES;
				ENABLE_TESTABILITY = YES;
				GCC_C_LANGUAGE_STANDARD = gnu11;
				GCC_DYNAMIC_NO_PIC = NO;
				GCC_NO_COMMON_BLOCKS = YES;
				GCC_OPTIMIZATION_LEVEL = 0;
				GCC_PREPROCESSOR_DEFINITIONS = (
					"DEBUG=1",
					"$(inherited)",
				);
				GCC_WARN_64_TO_32_BIT_CONVERSION = YES;
				GCC_WARN_ABOUT_RETURN_TYPE = YES_ERROR;
				GCC_WARN_UNDECLARED_SELECTOR = YES;
				GCC_WARN_UNINITIALIZED_AUTOS = YES_AGGRESSIVE;
				GCC_WARN_UNUSED_FUNCTION = YES;
				GCC_WARN_UNUSED_VARIABLE = YES;
				IPHONEOS_DEPLOYMENT_TARGET = 15.4;
				MTL_ENABLE_DEBUG_INFO = INCLUDE_SOURCE;
				MTL_FAST_MATH = YES;
				ONLY_ACTIVE_ARCH = YES;
				SDKROOT = iphoneos;
				SWIFT_ACTIVE_COMPILATION_CONDITIONS = DEBUG;
				SWIFT_OPTIMIZATION_LEVEL = "-Onone";
			};
			name = Debug;
		};
		09793A9027FA365700A89D0F /* Release */ = {
			isa = XCBuildConfiguration;
			buildSettings = {
				ALWAYS_SEARCH_USER_PATHS = NO;
				CLANG_ANALYZER_NONNULL = YES;
				CLANG_ANALYZER_NUMBER_OBJECT_CONVERSION = YES_AGGRESSIVE;
				CLANG_CXX_LANGUAGE_STANDARD = "gnu++17";
				CLANG_ENABLE_MODULES = YES;
				CLANG_ENABLE_OBJC_ARC = YES;
				CLANG_ENABLE_OBJC_WEAK = YES;
				CLANG_WARN_BLOCK_CAPTURE_AUTORELEASING = YES;
				CLANG_WARN_BOOL_CONVERSION = YES;
				CLANG_WARN_COMMA = YES;
				CLANG_WARN_CONSTANT_CONVERSION = YES;
				CLANG_WARN_DEPRECATED_OBJC_IMPLEMENTATIONS = YES;
				CLANG_WARN_DIRECT_OBJC_ISA_USAGE = YES_ERROR;
				CLANG_WARN_DOCUMENTATION_COMMENTS = YES;
				CLANG_WARN_EMPTY_BODY = YES;
				CLANG_WARN_ENUM_CONVERSION = YES;
				CLANG_WARN_INFINITE_RECURSION = YES;
				CLANG_WARN_INT_CONVERSION = YES;
				CLANG_WARN_NON_LITERAL_NULL_CONVERSION = YES;
				CLANG_WARN_OBJC_IMPLICIT_RETAIN_SELF = YES;
				CLANG_WARN_OBJC_LITERAL_CONVERSION = YES;
				CLANG_WARN_OBJC_ROOT_CLASS = YES_ERROR;
				CLANG_WARN_QUOTED_INCLUDE_IN_FRAMEWORK_HEADER = YES;
				CLANG_WARN_RANGE_LOOP_ANALYSIS = YES;
				CLANG_WARN_STRICT_PROTOTYPES = YES;
				CLANG_WARN_SUSPICIOUS_MOVE = YES;
				CLANG_WARN_UNGUARDED_AVAILABILITY = YES_AGGRESSIVE;
				CLANG_WARN_UNREACHABLE_CODE = YES;
				CLANG_WARN__DUPLICATE_METHOD_MATCH = YES;
				COPY_PHASE_STRIP = NO;
				DEBUG_INFORMATION_FORMAT = "dwarf-with-dsym";
				ENABLE_NS_ASSERTIONS = NO;
				ENABLE_STRICT_OBJC_MSGSEND = YES;
				GCC_C_LANGUAGE_STANDARD = gnu11;
				GCC_NO_COMMON_BLOCKS = YES;
				GCC_WARN_64_TO_32_BIT_CONVERSION = YES;
				GCC_WARN_ABOUT_RETURN_TYPE = YES_ERROR;
				GCC_WARN_UNDECLARED_SELECTOR = YES;
				GCC_WARN_UNINITIALIZED_AUTOS = YES_AGGRESSIVE;
				GCC_WARN_UNUSED_FUNCTION = YES;
				GCC_WARN_UNUSED_VARIABLE = YES;
				IPHONEOS_DEPLOYMENT_TARGET = 15.4;
				MTL_ENABLE_DEBUG_INFO = NO;
				MTL_FAST_MATH = YES;
				SDKROOT = iphoneos;
				SWIFT_COMPILATION_MODE = wholemodule;
				SWIFT_OPTIMIZATION_LEVEL = "-O";
				VALIDATE_PRODUCT = YES;
			};
			name = Release;
		};
		09793A9227FA365700A89D0F /* Debug */ = {
			isa = XCBuildConfiguration;
			buildSettings = {
				ASSETCATALOG_COMPILER_APPICON_NAME = AppIcon;
				ASSETCATALOG_COMPILER_GLOBAL_ACCENT_COLOR_NAME = AccentColor;
				CODE_SIGN_STYLE = Automatic;
				CURRENT_PROJECT_VERSION = 1;
				DEVELOPMENT_TEAM = 8T79JY7T2V;
				GENERATE_INFOPLIST_FILE = YES;
				INFOPLIST_FILE = sneakersML/Info.plist;
				INFOPLIST_KEY_UIApplicationSupportsIndirectInputEvents = YES;
				INFOPLIST_KEY_UILaunchStoryboardName = LaunchScreen;
				INFOPLIST_KEY_UIMainStoryboardFile = Main;
				INFOPLIST_KEY_UISupportedInterfaceOrientations_iPad = "UIInterfaceOrientationPortrait UIInterfaceOrientationPortraitUpsideDown UIInterfaceOrientationLandscapeLeft UIInterfaceOrientationLandscapeRight";
				INFOPLIST_KEY_UISupportedInterfaceOrientations_iPhone = "UIInterfaceOrientationPortrait UIInterfaceOrientationLandscapeLeft UIInterfaceOrientationLandscapeRight";
				LD_RUNPATH_SEARCH_PATHS = (
					"$(inherited)",
					"@executable_path/Frameworks",
				);
				MARKETING_VERSION = 1.0;
				PRODUCT_BUNDLE_IDENTIFIER = nwbdev.sneakersML;
				PRODUCT_NAME = "$(TARGET_NAME)";
				SWIFT_EMIT_LOC_STRINGS = YES;
				SWIFT_VERSION = 5.0;
				TARGETED_DEVICE_FAMILY = "1,2";
			};
			name = Debug;
		};
		09793A9327FA365700A89D0F /* Release */ = {
			isa = XCBuildConfiguration;
			buildSettings = {
				ASSETCATALOG_COMPILER_APPICON_NAME = AppIcon;
				ASSETCATALOG_COMPILER_GLOBAL_ACCENT_COLOR_NAME = AccentColor;
				CODE_SIGN_STYLE = Automatic;
				CURRENT_PROJECT_VERSION = 1;
				DEVELOPMENT_TEAM = 8T79JY7T2V;
				GENERATE_INFOPLIST_FILE = YES;
				INFOPLIST_FILE = sneakersML/Info.plist;
				INFOPLIST_KEY_UIApplicationSupportsIndirectInputEvents = YES;
				INFOPLIST_KEY_UILaunchStoryboardName = LaunchScreen;
				INFOPLIST_KEY_UIMainStoryboardFile = Main;
				INFOPLIST_KEY_UISupportedInterfaceOrientations_iPad = "UIInterfaceOrientationPortrait UIInterfaceOrientationPortraitUpsideDown UIInterfaceOrientationLandscapeLeft UIInterfaceOrientationLandscapeRight";
				INFOPLIST_KEY_UISupportedInterfaceOrientations_iPhone = "UIInterfaceOrientationPortrait UIInterfaceOrientationLandscapeLeft UIInterfaceOrientationLandscapeRight";
				LD_RUNPATH_SEARCH_PATHS = (
					"$(inherited)",
					"@executable_path/Frameworks",
				);
				MARKETING_VERSION = 1.0;
				PRODUCT_BUNDLE_IDENTIFIER = nwbdev.sneakersML;
				PRODUCT_NAME = "$(TARGET_NAME)";
				SWIFT_EMIT_LOC_STRINGS = YES;
				SWIFT_VERSION = 5.0;
				TARGETED_DEVICE_FAMILY = "1,2";
			};
			name = Release;
		};
		09793A9527FA365700A89D0F /* Debug */ = {
			isa = XCBuildConfiguration;
			buildSettings = {
				ALWAYS_EMBED_SWIFT_STANDARD_LIBRARIES = YES;
				BUNDLE_LOADER = "$(TEST_HOST)";
				CODE_SIGN_STYLE = Automatic;
				CURRENT_PROJECT_VERSION = 1;
				DEVELOPMENT_TEAM = 8T79JY7T2V;
				GENERATE_INFOPLIST_FILE = YES;
				IPHONEOS_DEPLOYMENT_TARGET = 15.4;
				MARKETING_VERSION = 1.0;
				PRODUCT_BUNDLE_IDENTIFIER = nwbdev.sneakersMLTests;
				PRODUCT_NAME = "$(TARGET_NAME)";
				SWIFT_EMIT_LOC_STRINGS = NO;
				SWIFT_VERSION = 5.0;
				TARGETED_DEVICE_FAMILY = "1,2";
				TEST_HOST = "$(BUILT_PRODUCTS_DIR)/sneakersML.app/sneakersML";
			};
			name = Debug;
		};
		09793A9627FA365700A89D0F /* Release */ = {
			isa = XCBuildConfiguration;
			buildSettings = {
				ALWAYS_EMBED_SWIFT_STANDARD_LIBRARIES = YES;
				BUNDLE_LOADER = "$(TEST_HOST)";
				CODE_SIGN_STYLE = Automatic;
				CURRENT_PROJECT_VERSION = 1;
				DEVELOPMENT_TEAM = 8T79JY7T2V;
				GENERATE_INFOPLIST_FILE = YES;
				IPHONEOS_DEPLOYMENT_TARGET = 15.4;
				MARKETING_VERSION = 1.0;
				PRODUCT_BUNDLE_IDENTIFIER = nwbdev.sneakersMLTests;
				PRODUCT_NAME = "$(TARGET_NAME)";
				SWIFT_EMIT_LOC_STRINGS = NO;
				SWIFT_VERSION = 5.0;
				TARGETED_DEVICE_FAMILY = "1,2";
				TEST_HOST = "$(BUILT_PRODUCTS_DIR)/sneakersML.app/sneakersML";
			};
			name = Release;
		};
		09793A9827FA365700A89D0F /* Debug */ = {
			isa = XCBuildConfiguration;
			buildSettings = {
				ALWAYS_EMBED_SWIFT_STANDARD_LIBRARIES = YES;
				CODE_SIGN_STYLE = Automatic;
				CURRENT_PROJECT_VERSION = 1;
				DEVELOPMENT_TEAM = 8T79JY7T2V;
				GENERATE_INFOPLIST_FILE = YES;
				MARKETING_VERSION = 1.0;
				PRODUCT_BUNDLE_IDENTIFIER = nwbdev.sneakersMLUITests;
				PRODUCT_NAME = "$(TARGET_NAME)";
				SWIFT_EMIT_LOC_STRINGS = NO;
				SWIFT_VERSION = 5.0;
				TARGETED_DEVICE_FAMILY = "1,2";
				TEST_TARGET_NAME = sneakersML;
			};
			name = Debug;
		};
		09793A9927FA365700A89D0F /* Release */ = {
			isa = XCBuildConfiguration;
			buildSettings = {
				ALWAYS_EMBED_SWIFT_STANDARD_LIBRARIES = YES;
				CODE_SIGN_STYLE = Automatic;
				CURRENT_PROJECT_VERSION = 1;
				DEVELOPMENT_TEAM = 8T79JY7T2V;
				GENERATE_INFOPLIST_FILE = YES;
				MARKETING_VERSION = 1.0;
				PRODUCT_BUNDLE_IDENTIFIER = nwbdev.sneakersMLUITests;
				PRODUCT_NAME = "$(TARGET_NAME)";
				SWIFT_EMIT_LOC_STRINGS = NO;
				SWIFT_VERSION = 5.0;
				TARGETED_DEVICE_FAMILY = "1,2";
				TEST_TARGET_NAME = sneakersML;
			};
			name = Release;
		};
/* End XCBuildConfiguration section */

/* Begin XCConfigurationList section */
		09793A6227FA365400A89D0F /* Build configuration list for PBXProject "sneakersML" */ = {
			isa = XCConfigurationList;
			buildConfigurations = (
				09793A8F27FA365700A89D0F /* Debug */,
				09793A9027FA365700A89D0F /* Release */,
			);
			defaultConfigurationIsVisible = 0;
			defaultConfigurationName = Release;
		};
		09793A9127FA365700A89D0F /* Build configuration list for PBXNativeTarget "sneakersML" */ = {
			isa = XCConfigurationList;
			buildConfigurations = (
				09793A9227FA365700A89D0F /* Debug */,
				09793A9327FA365700A89D0F /* Release */,
			);
			defaultConfigurationIsVisible = 0;
			defaultConfigurationName = Release;
		};
		09793A9427FA365700A89D0F /* Build configuration list for PBXNativeTarget "sneakersMLTests" */ = {
			isa = XCConfigurationList;
			buildConfigurations = (
				09793A9527FA365700A89D0F /* Debug */,
				09793A9627FA365700A89D0F /* Release */,
			);
			defaultConfigurationIsVisible = 0;
			defaultConfigurationName = Release;
		};
		09793A9727FA365700A89D0F /* Build configuration list for PBXNativeTarget "sneakersMLUITests" */ = {
			isa = XCConfigurationList;
			buildConfigurations = (
				09793A9827FA365700A89D0F /* Debug */,
				09793A9927FA365700A89D0F /* Release */,
			);
			defaultConfigurationIsVisible = 0;
			defaultConfigurationName = Release;
		};
/* End XCConfigurationList section */
	};
	rootObject = 09793A5F27FA365400A89D0F /* Project object */;
}
